
Microsoft Visual Studio Solution File, Format Version 12.00
# Visual Studio Version 17
VisualStudioVersion = 17.11.35222.181
MinimumVisualStudioVersion = 10.0.40219.1
Project("{FAE04EC0-301F-11D3-BF4B-00C04F79EFBC}") = "Task1", "Task1\Task1.csproj", "{48AEAA37-BDF6-4372-BDA9-D05607BF5399}"
EndProject
Project("{FAE04EC0-301F-11D3-BF4B-00C04F79EFBC}") = "Task2", "Task2\Task2.csproj", "{E7837C1B-3A10-412D-85F2-B747BAC646E4}"
EndProject
Global
	GlobalSection(SolutionConfigurationPlatforms) = preSolution
		Debug|Any CPU = Debug|Any CPU
		Release|Any CPU = Release|Any CPU
	EndGlobalSection
	GlobalSection(ProjectConfigurationPlatforms) = postSolution
		{48AEAA37-BDF6-4372-BDA9-D05607BF5399}.Debug|Any CPU.ActiveCfg = Debug|Any CPU
		{48AEAA37-BDF6-4372-BDA9-D05607BF5399}.Debug|Any CPU.Build.0 = Debug|Any CPU
		{48AEAA37-BDF6-4372-BDA9-D05607BF5399}.Release|Any CPU.ActiveCfg = Release|Any CPU
		{48AEAA37-BDF6-4372-BDA9-D05607BF5399}.Release|Any CPU.Build.0 = Release|Any CPU
		{E7837C1B-3A10-412D-85F2-B747BAC646E4}.Debug|Any CPU.ActiveCfg = Debug|Any CPU
		{E7837C1B-3A10-412D-85F2-B747BAC646E4}.Debug|Any CPU.Build.0 = Debug|Any CPU
		{E7837C1B-3A10-412D-85F2-B747BAC646E4}.Release|Any CPU.ActiveCfg = Release|Any CPU
		{E7837C1B-3A10-412D-85F2-B747BAC646E4}.Release|Any CPU.Build.0 = Release|Any CPU
	EndGlobalSection
	GlobalSection(SolutionProperties) = preSolution
		HideSolutionNode = FALSE
	EndGlobalSection
	GlobalSection(ExtensibilityGlobals) = postSolution
		SolutionGuid = {F56CEA61-CCA7-4B01-84B8-E936501D029E}
	EndGlobalSection
EndGlobal
